
Microsoft Visual Studio Solution File, Format Version 12.00
# Visual Studio Version 17
VisualStudioVersion = 17.12.35527.113
MinimumVisualStudioVersion = 10.0.40219.1
Project("{2150E333-8FDC-42A3-9474-1A3956D46DE8}") = "src", "src", "{54D35F73-64D4-4811-8548-3AF60F68FF90}"
EndProject
Project("{2150E333-8FDC-42A3-9474-1A3956D46DE8}") = "docs", "docs", "{6DE8F18C-43D2-4C17-A792-206B9FFC4422}"
EndProject
Project("{2150E333-8FDC-42A3-9474-1A3956D46DE8}") = "Modules", "Modules", "{F9E877FB-2AFA-4111-98D0-480504BD6919}"
EndProject
Project("{2150E333-8FDC-42A3-9474-1A3956D46DE8}") = "EndPoints", "EndPoints", "{7BF18E71-1B1A-46A3-95F3-EE0CF682BCAE}"
EndProject
Project("{2150E333-8FDC-42A3-9474-1A3956D46DE8}") = "Common", "Common", "{997CDB10-BD73-42D7-B984-A72F7ED44615}"
EndProject
Project("{2150E333-8FDC-42A3-9474-1A3956D46DE8}") = "Blog", "Blog", "{4446F04E-7838-4348-8AB9-52179203D46A}"
EndProject
Project("{FAE04EC0-301F-11D3-BF4B-00C04F79EFBC}") = "BlogModule", "src\Modules\Blog\BlogModule\BlogModule.csproj", "{19D05308-F9E7-4F63-B091-323AD02F342E}"
EndProject
Project("{FAE04EC0-301F-11D3-BF4B-00C04F79EFBC}") = "Common.Domain", "src\Common\Common.Domain\Common.Domain.csproj", "{66565188-B6C6-4481-BEFD-FF53AA6FAD95}"
EndProject
Project("{FAE04EC0-301F-11D3-BF4B-00C04F79EFBC}") = "Common.Application", "src\Common\Common.Application\Common.Application.csproj", "{A611E9FB-9CAE-4391-9F04-3FBC86FBB3DF}"
EndProject
Project("{FAE04EC0-301F-11D3-BF4B-00C04F79EFBC}") = "Common.Infrastructure", "src\Common\Common.Infrastructure\Common.Infrastructure.csproj", "{6A0345A6-97D1-45F1-92A5-4A994C9E5B38}"
EndProject
Project("{FAE04EC0-301F-11D3-BF4B-00C04F79EFBC}") = "TicketModule", "src\Modules\Ticket\TicketModule\TicketModule.csproj", "{033C6CDA-1152-4C0C-A5B0-C197BC89E01A}"
EndProject
Project("{2150E333-8FDC-42A3-9474-1A3956D46DE8}") = "Ticket", "Ticket", "{780C358F-8393-45CB-AA0D-1420FDB416D5}"
EndProject
Project("{2150E333-8FDC-42A3-9474-1A3956D46DE8}") = "User", "User", "{35C89915-1D01-4A22-85DD-5A93C1ADF001}"
EndProject
Project("{FAE04EC0-301F-11D3-BF4B-00C04F79EFBC}") = "UserModule.Data", "src\Modules\User\UserModule.Data\UserModule.Data.csproj", "{4AACC418-B6AA-4304-8724-1E12A3F16BA0}"
EndProject
Project("{FAE04EC0-301F-11D3-BF4B-00C04F79EFBC}") = "UserModule.Core", "src\Modules\User\UserModule.Core\UserModule.Core.csproj", "{A5CE362B-8412-4458-8835-02505AE959DD}"
EndProject
Project("{FAE04EC0-301F-11D3-BF4B-00C04F79EFBC}") = "BlogModule.Unit.Test", "src\Modules\Blog\BlogModule.Unit.Test\BlogModule.Unit.Test.csproj", "{F9393A96-E864-4025-B767-C3DD26450EE2}"
EndProject
Project("{FAE04EC0-301F-11D3-BF4B-00C04F79EFBC}") = "Common.Query", "src\Common\Common.Query\Common.Query.csproj", "{17121362-45E5-4AED-8A15-46A03936EA78}"
EndProject
Project("{FAE04EC0-301F-11D3-BF4B-00C04F79EFBC}") = "DigiLearn.Web", "src\EndPoints\DigiLearn.Web\DigiLearn.Web.csproj", "{C0310B6B-26DB-496B-A8B3-DE680479788C}"
EndProject
Project("{2150E333-8FDC-42A3-9474-1A3956D46DE8}") = "Core", "Core", "{74990498-91CE-4FF6-AF1B-918410D0AA0E}"
EndProject
Project("{FAE04EC0-301F-11D3-BF4B-00C04F79EFBC}") = "CoreModule.Domain", "src\Modules\Core\CoreModule.Domain\CoreModule.Domain.csproj", "{3F65F145-72E5-493B-A711-5226877D8440}"
EndProject
Global
	GlobalSection(SolutionConfigurationPlatforms) = preSolution
		Debug|Any CPU = Debug|Any CPU
		Release|Any CPU = Release|Any CPU
	EndGlobalSection
	GlobalSection(ProjectConfigurationPlatforms) = postSolution
		{19D05308-F9E7-4F63-B091-323AD02F342E}.Debug|Any CPU.ActiveCfg = Debug|Any CPU
		{19D05308-F9E7-4F63-B091-323AD02F342E}.Debug|Any CPU.Build.0 = Debug|Any CPU
		{19D05308-F9E7-4F63-B091-323AD02F342E}.Release|Any CPU.ActiveCfg = Release|Any CPU
		{19D05308-F9E7-4F63-B091-323AD02F342E}.Release|Any CPU.Build.0 = Release|Any CPU
		{66565188-B6C6-4481-BEFD-FF53AA6FAD95}.Debug|Any CPU.ActiveCfg = Debug|Any CPU
		{66565188-B6C6-4481-BEFD-FF53AA6FAD95}.Debug|Any CPU.Build.0 = Debug|Any CPU
		{66565188-B6C6-4481-BEFD-FF53AA6FAD95}.Release|Any CPU.ActiveCfg = Release|Any CPU
		{66565188-B6C6-4481-BEFD-FF53AA6FAD95}.Release|Any CPU.Build.0 = Release|Any CPU
		{A611E9FB-9CAE-4391-9F04-3FBC86FBB3DF}.Debug|Any CPU.ActiveCfg = Debug|Any CPU
		{A611E9FB-9CAE-4391-9F04-3FBC86FBB3DF}.Debug|Any CPU.Build.0 = Debug|Any CPU
		{A611E9FB-9CAE-4391-9F04-3FBC86FBB3DF}.Release|Any CPU.ActiveCfg = Release|Any CPU
		{A611E9FB-9CAE-4391-9F04-3FBC86FBB3DF}.Release|Any CPU.Build.0 = Release|Any CPU
		{6A0345A6-97D1-45F1-92A5-4A994C9E5B38}.Debug|Any CPU.ActiveCfg = Debug|Any CPU
		{6A0345A6-97D1-45F1-92A5-4A994C9E5B38}.Debug|Any CPU.Build.0 = Debug|Any CPU
		{6A0345A6-97D1-45F1-92A5-4A994C9E5B38}.Release|Any CPU.ActiveCfg = Release|Any CPU
		{6A0345A6-97D1-45F1-92A5-4A994C9E5B38}.Release|Any CPU.Build.0 = Release|Any CPU
		{033C6CDA-1152-4C0C-A5B0-C197BC89E01A}.Debug|Any CPU.ActiveCfg = Debug|Any CPU
		{033C6CDA-1152-4C0C-A5B0-C197BC89E01A}.Debug|Any CPU.Build.0 = Debug|Any CPU
		{033C6CDA-1152-4C0C-A5B0-C197BC89E01A}.Release|Any CPU.ActiveCfg = Release|Any CPU
		{033C6CDA-1152-4C0C-A5B0-C197BC89E01A}.Release|Any CPU.Build.0 = Release|Any CPU
		{4AACC418-B6AA-4304-8724-1E12A3F16BA0}.Debug|Any CPU.ActiveCfg = Debug|Any CPU
		{4AACC418-B6AA-4304-8724-1E12A3F16BA0}.Debug|Any CPU.Build.0 = Debug|Any CPU
		{4AACC418-B6AA-4304-8724-1E12A3F16BA0}.Release|Any CPU.ActiveCfg = Release|Any CPU
		{4AACC418-B6AA-4304-8724-1E12A3F16BA0}.Release|Any CPU.Build.0 = Release|Any CPU
		{A5CE362B-8412-4458-8835-02505AE959DD}.Debug|Any CPU.ActiveCfg = Debug|Any CPU
		{A5CE362B-8412-4458-8835-02505AE959DD}.Debug|Any CPU.Build.0 = Debug|Any CPU
		{A5CE362B-8412-4458-8835-02505AE959DD}.Release|Any CPU.ActiveCfg = Release|Any CPU
		{A5CE362B-8412-4458-8835-02505AE959DD}.Release|Any CPU.Build.0 = Release|Any CPU
		{F9393A96-E864-4025-B767-C3DD26450EE2}.Debug|Any CPU.ActiveCfg = Debug|Any CPU
		{F9393A96-E864-4025-B767-C3DD26450EE2}.Debug|Any CPU.Build.0 = Debug|Any CPU
		{F9393A96-E864-4025-B767-C3DD26450EE2}.Release|Any CPU.ActiveCfg = Release|Any CPU
		{F9393A96-E864-4025-B767-C3DD26450EE2}.Release|Any CPU.Build.0 = Release|Any CPU
		{17121362-45E5-4AED-8A15-46A03936EA78}.Debug|Any CPU.ActiveCfg = Debug|Any CPU
		{17121362-45E5-4AED-8A15-46A03936EA78}.Debug|Any CPU.Build.0 = Debug|Any CPU
		{17121362-45E5-4AED-8A15-46A03936EA78}.Release|Any CPU.ActiveCfg = Release|Any CPU
		{17121362-45E5-4AED-8A15-46A03936EA78}.Release|Any CPU.Build.0 = Release|Any CPU
		{C0310B6B-26DB-496B-A8B3-DE680479788C}.Debug|Any CPU.ActiveCfg = Debug|Any CPU
		{C0310B6B-26DB-496B-A8B3-DE680479788C}.Debug|Any CPU.Build.0 = Debug|Any CPU
		{C0310B6B-26DB-496B-A8B3-DE680479788C}.Release|Any CPU.ActiveCfg = Release|Any CPU
		{C0310B6B-26DB-496B-A8B3-DE680479788C}.Release|Any CPU.Build.0 = Release|Any CPU
		{3F65F145-72E5-493B-A711-5226877D8440}.Debug|Any CPU.ActiveCfg = Debug|Any CPU
		{3F65F145-72E5-493B-A711-5226877D8440}.Debug|Any CPU.Build.0 = Debug|Any CPU
		{3F65F145-72E5-493B-A711-5226877D8440}.Release|Any CPU.ActiveCfg = Release|Any CPU
		{3F65F145-72E5-493B-A711-5226877D8440}.Release|Any CPU.Build.0 = Release|Any CPU
	EndGlobalSection
	GlobalSection(SolutionProperties) = preSolution
		HideSolutionNode = FALSE
	EndGlobalSection
	GlobalSection(NestedProjects) = preSolution
		{F9E877FB-2AFA-4111-98D0-480504BD6919} = {54D35F73-64D4-4811-8548-3AF60F68FF90}
		{7BF18E71-1B1A-46A3-95F3-EE0CF682BCAE} = {54D35F73-64D4-4811-8548-3AF60F68FF90}
		{997CDB10-BD73-42D7-B984-A72F7ED44615} = {54D35F73-64D4-4811-8548-3AF60F68FF90}
		{4446F04E-7838-4348-8AB9-52179203D46A} = {F9E877FB-2AFA-4111-98D0-480504BD6919}
		{19D05308-F9E7-4F63-B091-323AD02F342E} = {4446F04E-7838-4348-8AB9-52179203D46A}
		{66565188-B6C6-4481-BEFD-FF53AA6FAD95} = {997CDB10-BD73-42D7-B984-A72F7ED44615}
		{A611E9FB-9CAE-4391-9F04-3FBC86FBB3DF} = {997CDB10-BD73-42D7-B984-A72F7ED44615}
		{6A0345A6-97D1-45F1-92A5-4A994C9E5B38} = {997CDB10-BD73-42D7-B984-A72F7ED44615}
		{033C6CDA-1152-4C0C-A5B0-C197BC89E01A} = {780C358F-8393-45CB-AA0D-1420FDB416D5}
		{780C358F-8393-45CB-AA0D-1420FDB416D5} = {F9E877FB-2AFA-4111-98D0-480504BD6919}
		{35C89915-1D01-4A22-85DD-5A93C1ADF001} = {F9E877FB-2AFA-4111-98D0-480504BD6919}
		{4AACC418-B6AA-4304-8724-1E12A3F16BA0} = {35C89915-1D01-4A22-85DD-5A93C1ADF001}
		{A5CE362B-8412-4458-8835-02505AE959DD} = {35C89915-1D01-4A22-85DD-5A93C1ADF001}
		{F9393A96-E864-4025-B767-C3DD26450EE2} = {4446F04E-7838-4348-8AB9-52179203D46A}
		{17121362-45E5-4AED-8A15-46A03936EA78} = {997CDB10-BD73-42D7-B984-A72F7ED44615}
		{C0310B6B-26DB-496B-A8B3-DE680479788C} = {7BF18E71-1B1A-46A3-95F3-EE0CF682BCAE}
		{74990498-91CE-4FF6-AF1B-918410D0AA0E} = {F9E877FB-2AFA-4111-98D0-480504BD6919}
		{3F65F145-72E5-493B-A711-5226877D8440} = {74990498-91CE-4FF6-AF1B-918410D0AA0E}
	EndGlobalSection
EndGlobal
